github.com/creack/pty v1.1.9/go.mod h1:oKZEueFk5CKHvIhNR5MUki03XCEU+Q6VDXinZuGJ33E=
github.com/kr/text v0.2.0 h1:5Nx0Ya0ZqY2ygV366QzturHI13Jq95ApcVaJBhpS+AY=
github.com/kr/text v0.2.0/go.mod h1:eLer722TekiGuMkidMxC/pM04lWEeraHUUmBw8l2grE=
github.com/sylr/pretty v0.0.0-20200517092739-d3252c08b3ba h1:yry8DMTlKAv6eh50znp2LT36wKgBnY0+y/zvFeh8UTc=
github.com/sylr/pretty v0.0.0-20200517092739-d3252c08b3ba/go.mod h1:NFGzlm2xO5mBcIDOXOC6rLDnzlOY6zBavUt/bFruq3A=
